
Microsoft Visual Studio Solution File, Format Version 12.00
# Visual Studio Version 17
VisualStudioVersion = 17.14.36518.9
MinimumVisualStudioVersion = 10.0.40219.1
Project("{FAE04EC0-301F-11D3-BF4B-00C04F79EFBC}") = "Procedural Maze", "BossQuest\Procedural Maze.csproj", "{BE776254-D208-2318-6EE3-80BA8D7CDFF7}"
EndProject
Project("{FAE04EC0-301F-11D3-BF4B-00C04F79EFBC}") = "MGGameLibrary", "MGGameLibrary\MGGameLibrary.csproj", "{1C45539B-FC89-F606-BF3E-A2689D6DD75F}"
EndProject
Global
	GlobalSection(SolutionConfigurationPlatforms) = preSolution
		Debug|Any CPU = Debug|Any CPU
		Release|Any CPU = Release|Any CPU
	EndGlobalSection
	GlobalSection(ProjectConfigurationPlatforms) = postSolution
		{BE776254-D208-2318-6EE3-80BA8D7CDFF7}.Debug|Any CPU.ActiveCfg = Debug|Any CPU
		{BE776254-D208-2318-6EE3-80BA8D7CDFF7}.Debug|Any CPU.Build.0 = Debug|Any CPU
		{BE776254-D208-2318-6EE3-80BA8D7CDFF7}.Release|Any CPU.ActiveCfg = Release|Any CPU
		{BE776254-D208-2318-6EE3-80BA8D7CDFF7}.Release|Any CPU.Build.0 = Release|Any CPU
		{1C45539B-FC89-F606-BF3E-A2689D6DD75F}.Debug|Any CPU.ActiveCfg = Debug|Any CPU
		{1C45539B-FC89-F606-BF3E-A2689D6DD75F}.Debug|Any CPU.Build.0 = Debug|Any CPU
		{1C45539B-FC89-F606-BF3E-A2689D6DD75F}.Release|Any CPU.ActiveCfg = Release|Any CPU
		{1C45539B-FC89-F606-BF3E-A2689D6DD75F}.Release|Any CPU.Build.0 = Release|Any CPU
	EndGlobalSection
	GlobalSection(SolutionProperties) = preSolution
		HideSolutionNode = FALSE
	EndGlobalSection
	GlobalSection(ExtensibilityGlobals) = postSolution
		SolutionGuid = {B0A7C604-8F2C-4700-BA40-309DE7340910}
	EndGlobalSection
EndGlobal
